
Microsoft Visual Studio Solution File, Format Version 12.00
# Visual Studio Version 17
VisualStudioVersion = 17.0.31903.59
MinimumVisualStudioVersion = 10.0.40219.1
Project("{2150E333-8FDC-42A3-9474-1A3956D46DE8}") = "src", "src", "{827E0CD3-B72D-47B6-A68D-7590B98EB39B}"
EndProject
Project("{FAE04EC0-301F-11D3-BF4B-00C04F79EFBC}") = "PulseBar.Core", "src\PulseBar.Core\PulseBar.Core.csproj", "{30EFB874-E2C1-4206-9764-54F735A17570}"
EndProject
Project("{FAE04EC0-301F-11D3-BF4B-00C04F79EFBC}") = "PulseBar.Windows", "src\PulseBar.Windows\PulseBar.Windows.csproj", "{B1A4F419-FE65-4735-BFCA-9135A2225604}"
EndProject
Project("{FAE04EC0-301F-11D3-BF4B-00C04F79EFBC}") = "PulseBar.Providers.Codex", "src\PulseBar.Providers.Codex\PulseBar.Providers.Codex.csproj", "{7DE649AD-35F1-4B60-9247-F686EFF8417B}"
EndProject
Project("{FAE04EC0-301F-11D3-BF4B-00C04F79EFBC}") = "PulseBar.Providers.Claude", "src\PulseBar.Providers.Claude\PulseBar.Providers.Claude.csproj", "{7B923A39-83DB-430E-AF03-C65791306C56}"
EndProject
Project("{FAE04EC0-301F-11D3-BF4B-00C04F79EFBC}") = "PulseBar.Storage", "src\PulseBar.Storage\PulseBar.Storage.csproj", "{389D867B-7C8D-41B9-8CEC-BBAC743DD4B0}"
EndProject
Project("{FAE04EC0-301F-11D3-BF4B-00C04F79EFBC}") = "PulseBar.Bridge", "src\PulseBar.Bridge\PulseBar.Bridge.csproj", "{773B4F34-CF9B-4180-8B82-972BFEBB41A7}"
EndProject
Project("{FAE04EC0-301F-11D3-BF4B-00C04F79EFBC}") = "PulseBar.App", "src\PulseBar.App\PulseBar.App.csproj", "{4F42ACCE-89EB-4A2E-8C72-07DB7F720D77}"
EndProject
Project("{FAE04EC0-301F-11D3-BF4B-00C04F79EFBC}") = "PulseBar.Core.Tests", "tests\PulseBar.Core.Tests\PulseBar.Core.Tests.csproj", "{B103C773-B1CC-4298-A668-1ED337F9B912}"
EndProject
Project("{FAE04EC0-301F-11D3-BF4B-00C04F79EFBC}") = "PulseBar.Windows.Tests", "tests\PulseBar.Windows.Tests\PulseBar.Windows.Tests.csproj", "{4D513178-A31A-4A94-9E22-381FD6318DF8}"
EndProject
Project("{FAE04EC0-301F-11D3-BF4B-00C04F79EFBC}") = "PulseBar.Codex.Tests", "tests\PulseBar.Codex.Tests\PulseBar.Codex.Tests.csproj", "{32B5ED8E-F498-414A-A51F-DAE2080A1C6F}"
EndProject
Project("{FAE04EC0-301F-11D3-BF4B-00C04F79EFBC}") = "PulseBar.Claude.Tests", "tests\PulseBar.Claude.Tests\PulseBar.Claude.Tests.csproj", "{E0D02A0D-C4C8-4839-9055-029879C55EA8}"
EndProject
Global
	GlobalSection(SolutionConfigurationPlatforms) = preSolution
		Debug|Any CPU = Debug|Any CPU
		Debug|x64 = Debug|x64
		Debug|x86 = Debug|x86
		Release|Any CPU = Release|Any CPU
		Release|x64 = Release|x64
		Release|x86 = Release|x86
	EndGlobalSection
	GlobalSection(ProjectConfigurationPlatforms) = postSolution
		{30EFB874-E2C1-4206-9764-54F735A17570}.Debug|Any CPU.ActiveCfg = Debug|Any CPU
		{30EFB874-E2C1-4206-9764-54F735A17570}.Debug|Any CPU.Build.0 = Debug|Any CPU
		{30EFB874-E2C1-4206-9764-54F735A17570}.Debug|x64.ActiveCfg = Debug|Any CPU
		{30EFB874-E2C1-4206-9764-54F735A17570}.Debug|x64.Build.0 = Debug|Any CPU
		{30EFB874-E2C1-4206-9764-54F735A17570}.Debug|x86.ActiveCfg = Debug|Any CPU
		{30EFB874-E2C1-4206-9764-54F735A17570}.Debug|x86.Build.0 = Debug|Any CPU
		{30EFB874-E2C1-4206-9764-54F735A17570}.Release|Any CPU.ActiveCfg = Release|Any CPU
		{30EFB874-E2C1-4206-9764-54F735A17570}.Release|Any CPU.Build.0 = Release|Any CPU
		{30EFB874-E2C1-4206-9764-54F735A17570}.Release|x64.ActiveCfg = Release|Any CPU
		{30EFB874-E2C1-4206-9764-54F735A17570}.Release|x64.Build.0 = Release|Any CPU
		{30EFB874-E2C1-4206-9764-54F735A17570}.Release|x86.ActiveCfg = Release|Any CPU
		{30EFB874-E2C1-4206-9764-54F735A17570}.Release|x86.Build.0 = Release|Any CPU
		{B1A4F419-FE65-4735-BFCA-9135A2225604}.Debug|Any CPU.ActiveCfg = Debug|Any CPU
		{B1A4F419-FE65-4735-BFCA-9135A2225604}.Debug|Any CPU.Build.0 = Debug|Any CPU
		{B1A4F419-FE65-4735-BFCA-9135A2225604}.Debug|x64.ActiveCfg = Debug|Any CPU
		{B1A4F419-FE65-4735-BFCA-9135A2225604}.Debug|x64.Build.0 = Debug|Any CPU
		{B1A4F419-FE65-4735-BFCA-9135A2225604}.Debug|x86.ActiveCfg = Debug|Any CPU
		{B1A4F419-FE65-4735-BFCA-9135A2225604}.Debug|x86.Build.0 = Debug|Any CPU
		{B1A4F419-FE65-4735-BFCA-9135A2225604}.Release|Any CPU.ActiveCfg = Release|Any CPU
		{B1A4F419-FE65-4735-BFCA-9135A2225604}.Release|Any CPU.Build.0 = Release|Any CPU
		{B1A4F419-FE65-4735-BFCA-9135A2225604}.Release|x64.ActiveCfg = Release|Any CPU
		{B1A4F419-FE65-4735-BFCA-9135A2225604}.Release|x64.Build.0 = Release|Any CPU
		{B1A4F419-FE65-4735-BFCA-9135A2225604}.Release|x86.ActiveCfg = Release|Any CPU
		{B1A4F419-FE65-4735-BFCA-9135A2225604}.Release|x86.Build.0 = Release|Any CPU
		{7DE649AD-35F1-4B60-9247-F686EFF8417B}.Debug|Any CPU.ActiveCfg = Debug|Any CPU
		{7DE649AD-35F1-4B60-9247-F686EFF8417B}.Debug|Any CPU.Build.0 = Debug|Any CPU
		{7DE649AD-35F1-4B60-9247-F686EFF8417B}.Debug|x64.ActiveCfg = Debug|Any CPU
		{7DE649AD-35F1-4B60-9247-F686EFF8417B}.Debug|x64.Build.0 = Debug|Any CPU
		{7DE649AD-35F1-4B60-9247-F686EFF8417B}.Debug|x86.ActiveCfg = Debug|Any CPU
		{7DE649AD-35F1-4B60-9247-F686EFF8417B}.Debug|x86.Build.0 = Debug|Any CPU
		{7DE649AD-35F1-4B60-9247-F686EFF8417B}.Release|Any CPU.ActiveCfg = Release|Any CPU
		{7DE649AD-35F1-4B60-9247-F686EFF8417B}.Release|Any CPU.Build.0 = Release|Any CPU
		{7DE649AD-35F1-4B60-9247-F686EFF8417B}.Release|x64.ActiveCfg = Release|Any CPU
		{7DE649AD-35F1-4B60-9247-F686EFF8417B}.Release|x64.Build.0 = Release|Any CPU
		{7DE649AD-35F1-4B60-9247-F686EFF8417B}.Release|x86.ActiveCfg = Release|Any CPU
		{7DE649AD-35F1-4B60-9247-F686EFF8417B}.Release|x86.Build.0 = Release|Any CPU
		{7B923A39-83DB-430E-AF03-C65791306C56}.Debug|Any CPU.ActiveCfg = Debug|Any CPU
		{7B923A39-83DB-430E-AF03-C65791306C56}.Debug|Any CPU.Build.0 = Debug|Any CPU
		{7B923A39-83DB-430E-AF03-C65791306C56}.Debug|x64.ActiveCfg = Debug|Any CPU
		{7B923A39-83DB-430E-AF03-C65791306C56}.Debug|x64.Build.0 = Debug|Any CPU
		{7B923A39-83DB-430E-AF03-C65791306C56}.Debug|x86.ActiveCfg = Debug|Any CPU
		{7B923A39-83DB-430E-AF03-C65791306C56}.Debug|x86.Build.0 = Debug|Any CPU
		{7B923A39-83DB-430E-AF03-C65791306C56}.Release|Any CPU.ActiveCfg = Release|Any CPU
		{7B923A39-83DB-430E-AF03-C65791306C56}.Release|Any CPU.Build.0 = Release|Any CPU
		{7B923A39-83DB-430E-AF03-C65791306C56}.Release|x64.ActiveCfg = Release|Any CPU
		{7B923A39-83DB-430E-AF03-C65791306C56}.Release|x64.Build.0 = Release|Any CPU
		{7B923A39-83DB-430E-AF03-C65791306C56}.Release|x86.ActiveCfg = Release|Any CPU
		{7B923A39-83DB-430E-AF03-C65791306C56}.Release|x86.Build.0 = Release|Any CPU
		{389D867B-7C8D-41B9-8CEC-BBAC743DD4B0}.Debug|Any CPU.ActiveCfg = Debug|Any CPU
		{389D867B-7C8D-41B9-8CEC-BBAC743DD4B0}.Debug|Any CPU.Build.0 = Debug|Any CPU
		{389D867B-7C8D-41B9-8CEC-BBAC743DD4B0}.Debug|x64.ActiveCfg = Debug|Any CPU
		{389D867B-7C8D-41B9-8CEC-BBAC743DD4B0}.Debug|x64.Build.0 = Debug|Any CPU
		{389D867B-7C8D-41B9-8CEC-BBAC743DD4B0}.Debug|x86.ActiveCfg = Debug|Any CPU
		{389D867B-7C8D-41B9-8CEC-BBAC743DD4B0}.Debug|x86.Build.0 = Debug|Any CPU
		{389D867B-7C8D-41B9-8CEC-BBAC743DD4B0}.Release|Any CPU.ActiveCfg = Release|Any CPU
		{389D867B-7C8D-41B9-8CEC-BBAC743DD4B0}.Release|Any CPU.Build.0 = Release|Any CPU
		{389D867B-7C8D-41B9-8CEC-BBAC743DD4B0}.Release|x64.ActiveCfg = Release|Any CPU
		{389D867B-7C8D-41B9-8CEC-BBAC743DD4B0}.Release|x64.Build.0 = Release|Any CPU
		{389D867B-7C8D-41B9-8CEC-BBAC743DD4B0}.Release|x86.ActiveCfg = Release|Any CPU
		{389D867B-7C8D-41B9-8CEC-BBAC743DD4B0}.Release|x86.Build.0 = Release|Any CPU
		{773B4F34-CF9B-4180-8B82-972BFEBB41A7}.Debug|Any CPU.ActiveCfg = Debug|Any CPU
		{773B4F34-CF9B-4180-8B82-972BFEBB41A7}.Debug|Any CPU.Build.0 = Debug|Any CPU
		{773B4F34-CF9B-4180-8B82-972BFEBB41A7}.Debug|x64.ActiveCfg = Debug|Any CPU
		{773B4F34-CF9B-4180-8B82-972BFEBB41A7}.Debug|x64.Build.0 = Debug|Any CPU
		{773B4F34-CF9B-4180-8B82-972BFEBB41A7}.Debug|x86.ActiveCfg = Debug|Any CPU
		{773B4F34-CF9B-4180-8B82-972BFEBB41A7}.Debug|x86.Build.0 = Debug|Any CPU
		{773B4F34-CF9B-4180-8B82-972BFEBB41A7}.Release|Any CPU.ActiveCfg = Release|Any CPU
		{773B4F34-CF9B-4180-8B82-972BFEBB41A7}.Release|Any CPU.Build.0 = Release|Any CPU
		{773B4F34-CF9B-4180-8B82-972BFEBB41A7}.Release|x64.ActiveCfg = Release|Any CPU
		{773B4F34-CF9B-4180-8B82-972BFEBB41A7}.Release|x64.Build.0 = Release|Any CPU
		{773B4F34-CF9B-4180-8B82-972BFEBB41A7}.Release|x86.ActiveCfg = Release|Any CPU
		{773B4F34-CF9B-4180-8B82-972BFEBB41A7}.Release|x86.Build.0 = Release|Any CPU
		{4F42ACCE-89EB-4A2E-8C72-07DB7F720D77}.Debug|Any CPU.ActiveCfg = Debug|Any CPU
		{4F42ACCE-89EB-4A2E-8C72-07DB7F720D77}.Debug|Any CPU.Build.0 = Debug|Any CPU
		{4F42ACCE-89EB-4A2E-8C72-07DB7F720D77}.Debug|x64.ActiveCfg = Debug|Any CPU
		{4F42ACCE-89EB-4A2E-8C72-07DB7F720D77}.Debug|x64.Build.0 = Debug|Any CPU
		{4F42ACCE-89EB-4A2E-8C72-07DB7F720D77}.Debug|x86.ActiveCfg = Debug|Any CPU
		{4F42ACCE-89EB-4A2E-8C72-07DB7F720D77}.Debug|x86.Build.0 = Debug|Any CPU
		{4F42ACCE-89EB-4A2E-8C72-07DB7F720D77}.Release|Any CPU.ActiveCfg = Release|Any CPU
		{4F42ACCE-89EB-4A2E-8C72-07DB7F720D77}.Release|Any CPU.Build.0 = Release|Any CPU
		{4F42ACCE-89EB-4A2E-8C72-07DB7F720D77}.Release|x64.ActiveCfg = Release|Any CPU
		{4F42ACCE-89EB-4A2E-8C72-07DB7F720D77}.Release|x64.Build.0 = Release|Any CPU
		{4F42ACCE-89EB-4A2E-8C72-07DB7F720D77}.Release|x86.ActiveCfg = Release|Any CPU
		{4F42ACCE-89EB-4A2E-8C72-07DB7F720D77}.Release|x86.Build.0 = Release|Any CPU
		{B103C773-B1CC-4298-A668-1ED337F9B912}.Debug|Any CPU.ActiveCfg = Debug|Any CPU
		{B103C773-B1CC-4298-A668-1ED337F9B912}.Debug|Any CPU.Build.0 = Debug|Any CPU
		{B103C773-B1CC-4298-A668-1ED337F9B912}.Debug|x64.ActiveCfg = Debug|Any CPU
		{B103C773-B1CC-4298-A668-1ED337F9B912}.Debug|x64.Build.0 = Debug|Any CPU
		{B103C773-B1CC-4298-A668-1ED337F9B912}.Debug|x86.ActiveCfg = Debug|Any CPU
		{B103C773-B1CC-4298-A668-1ED337F9B912}.Debug|x86.Build.0 = Debug|Any CPU
		{B103C773-B1CC-4298-A668-1ED337F9B912}.Release|Any CPU.ActiveCfg = Release|Any CPU
		{B103C773-B1CC-4298-A668-1ED337F9B912}.Release|Any CPU.Build.0 = Release|Any CPU
		{B103C773-B1CC-4298-A668-1ED337F9B912}.Release|x64.ActiveCfg = Release|Any CPU
		{B103C773-B1CC-4298-A668-1ED337F9B912}.Release|x64.Build.0 = Release|Any CPU
		{B103C773-B1CC-4298-A668-1ED337F9B912}.Release|x86.ActiveCfg = Release|Any CPU
		{B103C773-B1CC-4298-A668-1ED337F9B912}.Release|x86.Build.0 = Release|Any CPU
		{4D513178-A31A-4A94-9E22-381FD6318DF8}.Debug|Any CPU.ActiveCfg = Debug|Any CPU
		{4D513178-A31A-4A94-9E22-381FD6318DF8}.Debug|Any CPU.Build.0 = Debug|Any CPU
		{4D513178-A31A-4A94-9E22-381FD6318DF8}.Debug|x64.ActiveCfg = Debug|Any CPU
		{4D513178-A31A-4A94-9E22-381FD6318DF8}.Debug|x64.Build.0 = Debug|Any CPU
		{4D513178-A31A-4A94-9E22-381FD6318DF8}.Debug|x86.ActiveCfg = Debug|Any CPU
		{4D513178-A31A-4A94-9E22-381FD6318DF8}.Debug|x86.Build.0 = Debug|Any CPU
		{4D513178-A31A-4A94-9E22-381FD6318DF8}.Release|Any CPU.ActiveCfg = Release|Any CPU
		{4D513178-A31A-4A94-9E22-381FD6318DF8}.Release|Any CPU.Build.0 = Release|Any CPU
		{4D513178-A31A-4A94-9E22-381FD6318DF8}.Release|x64.ActiveCfg = Release|Any CPU
		{4D513178-A31A-4A94-9E22-381FD6318DF8}.Release|x64.Build.0 = Release|Any CPU
		{4D513178-A31A-4A94-9E22-381FD6318DF8}.Release|x86.ActiveCfg = Release|Any CPU
		{4D513178-A31A-4A94-9E22-381FD6318DF8}.Release|x86.Build.0 = Release|Any CPU
		{32B5ED8E-F498-414A-A51F-DAE2080A1C6F}.Debug|Any CPU.ActiveCfg = Debug|Any CPU
		{32B5ED8E-F498-414A-A51F-DAE2080A1C6F}.Debug|Any CPU.Build.0 = Debug|Any CPU
		{32B5ED8E-F498-414A-A51F-DAE2080A1C6F}.Debug|x64.ActiveCfg = Debug|Any CPU
		{32B5ED8E-F498-414A-A51F-DAE2080A1C6F}.Debug|x64.Build.0 = Debug|Any CPU
		{32B5ED8E-F498-414A-A51F-DAE2080A1C6F}.Debug|x86.ActiveCfg = Debug|Any CPU
		{32B5ED8E-F498-414A-A51F-DAE2080A1C6F}.Debug|x86.Build.0 = Debug|Any CPU
		{32B5ED8E-F498-414A-A51F-DAE2080A1C6F}.Release|Any CPU.ActiveCfg = Release|Any CPU
		{32B5ED8E-F498-414A-A51F-DAE2080A1C6F}.Release|Any CPU.Build.0 = Release|Any CPU
		{32B5ED8E-F498-414A-A51F-DAE2080A1C6F}.Release|x64.ActiveCfg = Release|Any CPU
		{32B5ED8E-F498-414A-A51F-DAE2080A1C6F}.Release|x64.Build.0 = Release|Any CPU
		{32B5ED8E-F498-414A-A51F-DAE2080A1C6F}.Release|x86.ActiveCfg = Release|Any CPU
		{32B5ED8E-F498-414A-A51F-DAE2080A1C6F}.Release|x86.Build.0 = Release|Any CPU
		{E0D02A0D-C4C8-4839-9055-029879C55EA8}.Debug|Any CPU.ActiveCfg = Debug|Any CPU
		{E0D02A0D-C4C8-4839-9055-029879C55EA8}.Debug|Any CPU.Build.0 = Debug|Any CPU
		{E0D02A0D-C4C8-4839-9055-029879C55EA8}.Debug|x64.ActiveCfg = Debug|Any CPU
		{E0D02A0D-C4C8-4839-9055-029879C55EA8}.Debug|x64.Build.0 = Debug|Any CPU
		{E0D02A0D-C4C8-4839-9055-029879C55EA8}.Debug|x86.ActiveCfg = Debug|Any CPU
		{E0D02A0D-C4C8-4839-9055-029879C55EA8}.Debug|x86.Build.0 = Debug|Any CPU
		{E0D02A0D-C4C8-4839-9055-029879C55EA8}.Release|Any CPU.ActiveCfg = Release|Any CPU
		{E0D02A0D-C4C8-4839-9055-029879C55EA8}.Release|Any CPU.Build.0 = Release|Any CPU
		{E0D02A0D-C4C8-4839-9055-029879C55EA8}.Release|x64.ActiveCfg = Release|Any CPU
		{E0D02A0D-C4C8-4839-9055-029879C55EA8}.Release|x64.Build.0 = Release|Any CPU
		{E0D02A0D-C4C8-4839-9055-029879C55EA8}.Release|x86.ActiveCfg = Release|Any CPU
		{E0D02A0D-C4C8-4839-9055-029879C55EA8}.Release|x86.Build.0 = Release|Any CPU
	EndGlobalSection
	GlobalSection(SolutionProperties) = preSolution
		HideSolutionNode = FALSE
	EndGlobalSection
	GlobalSection(NestedProjects) = preSolution
		{30EFB874-E2C1-4206-9764-54F735A17570} = {827E0CD3-B72D-47B6-A68D-7590B98EB39B}
		{B1A4F419-FE65-4735-BFCA-9135A2225604} = {827E0CD3-B72D-47B6-A68D-7590B98EB39B}
		{7DE649AD-35F1-4B60-9247-F686EFF8417B} = {827E0CD3-B72D-47B6-A68D-7590B98EB39B}
		{7B923A39-83DB-430E-AF03-C65791306C56} = {827E0CD3-B72D-47B6-A68D-7590B98EB39B}
		{389D867B-7C8D-41B9-8CEC-BBAC743DD4B0} = {827E0CD3-B72D-47B6-A68D-7590B98EB39B}
		{773B4F34-CF9B-4180-8B82-972BFEBB41A7} = {827E0CD3-B72D-47B6-A68D-7590B98EB39B}
		{4F42ACCE-89EB-4A2E-8C72-07DB7F720D77} = {827E0CD3-B72D-47B6-A68D-7590B98EB39B}
		{B103C773-B1CC-4298-A668-1ED337F9B912} = {827E0CD3-B72D-47B6-A68D-7590B98EB39B}
		{4D513178-A31A-4A94-9E22-381FD6318DF8} = {827E0CD3-B72D-47B6-A68D-7590B98EB39B}
		{32B5ED8E-F498-414A-A51F-DAE2080A1C6F} = {827E0CD3-B72D-47B6-A68D-7590B98EB39B}
		{E0D02A0D-C4C8-4839-9055-029879C55EA8} = {827E0CD3-B72D-47B6-A68D-7590B98EB39B}
	EndGlobalSection
EndGlobal
